{
  "version": 4,
  "terraform_version": "1.14.1",
  "serial": 7,
  "lineage": "dd185f88-3f33-8ce0-4bc8-244508333f49",
  "outputs": {
    "mount_tag": {
      "value": "data-v0",
      "type": "string"
    },
    "nb_cluster_id": {
      "value": "mk8scluster-e00r56vmsesx3gf3k3",
      "type": "string"
    },
    "registry_id": {
      "value": "registry-e00ntd85kz4hqgm7nz",
      "type": "string"
    }
  },
  "resources": [
    {
      "mode": "data",
      "type": "nebius_iam_v1_group",
      "name": "admins",
      "provider": "provider[\"terraform-provider.storage.eu-north1.nebius.cloud/nebius/nebius\"]",
      "instances": [
        {
          "index_key": 0,
          "schema_version": 0,
          "attributes": {
            "created_at": "2025-12-16T10:15:58.091724Z",
            "id": "group-e00yk3qy39m5s068rt",
            "labels": null,
            "metadata": {},
            "name": "admins",
            "parent_id": "tenant-e00h6h46ywdm9fnqaf",
            "resource_version": null,
            "status": {
              "members_count": 3,
              "service_accounts_count": 1,
              "state": null,
              "tenant_user_accounts_count": 2
            },
            "updated_at": null
          },
          "sensitive_attributes": [],
          "identity_schema_version": 0
        }
      ]
    },
    {
      "mode": "managed",
      "type": "nebius_compute_v1_filesystem",
      "name": "mda_filesystem",
      "provider": "provider[\"terraform-provider.storage.eu-north1.nebius.cloud/nebius/nebius\"]",
      "instances": [
        {
          "schema_version": 0,
          "attributes": {
            "block_size_bytes": 4096,
            "created_at": "2025-12-17T12:15:44.875545Z",
            "id": "computefilesystem-e00gbvaagedzdq4qj2",
            "labels": null,
            "metadata": {},
            "name": "mda-filesystem-v0",
            "parent_id": "project-e00kmt05pr00d4dnxgz81d",
            "resource_version": 1,
            "size_bytes": null,
            "size_gibibytes": 64,
            "size_kibibytes": null,
            "size_mebibytes": null,
            "status": {
              "block_size_bytes": 4096,
              "read_only_attachments": null,
              "read_write_attachments": null,
              "reconciling": null,
              "size_bytes": 68719476736,
              "state": "READY",
              "state_description": null
            },
            "type": "NETWORK_SSD",
            "updated_at": null
          },
          "sensitive_attributes": [],
          "identity_schema_version": 0
        }
      ]
    },
    {
      "mode": "managed",
      "type": "nebius_iam_v1_group_membership",
      "name": "mda_sa_admin",
      "provider": "provider[\"terraform-provider.storage.eu-north1.nebius.cloud/nebius/nebius\"]",
      "instances": [
        {
          "index_key": 0,
          "schema_version": 0,
          "attributes": {
            "created_at": "2025-12-17T12:15:46.471937Z",
            "id": "groupmembership-e00r29b17fvtnf7qja",
            "labels": null,
            "member_id": "serviceaccount-e00y7pg6mpj03a6xta",
            "metadata": {},
            "name": null,
            "parent_id": "group-e00yk3qy39m5s068rt",
            "resource_version": 0,
            "status": {
              "service_account_status": {
                "active": true
              },
              "tenant_user_account_status": null
            },
            "updated_at": null
          },
          "sensitive_attributes": [],
          "identity_schema_version": 0,
          "dependencies": [
            "data.nebius_iam_v1_group.admins",
            "nebius_iam_v1_service_account.mda_sa"
          ]
        }
      ]
    },
    {
      "mode": "managed",
      "type": "nebius_iam_v1_service_account",
      "name": "mda_sa",
      "provider": "provider[\"terraform-provider.storage.eu-north1.nebius.cloud/nebius/nebius\"]",
      "instances": [
        {
          "index_key": 0,
          "schema_version": 0,
          "attributes": {
            "created_at": "2025-12-17T12:15:44.900443Z",
            "description": null,
            "id": "serviceaccount-e00y7pg6mpj03a6xta",
            "labels": null,
            "metadata": {},
            "name": "mda-sa-v0",
            "parent_id": "project-e00kmt05pr00d4dnxgz81d",
            "resource_version": 0,
            "status": {
              "active": true
            },
            "updated_at": null
          },
          "sensitive_attributes": [],
          "identity_schema_version": 0
        }
      ]
    },
    {
      "mode": "managed",
      "type": "nebius_mk8s_v1_cluster",
      "name": "mda_mk8s",
      "provider": "provider[\"terraform-provider.storage.eu-north1.nebius.cloud/nebius/nebius\"]",
      "instances": [
        {
          "schema_version": 0,
          "attributes": {
            "control_plane": {
              "endpoints": {
                "public_endpoint": {}
              },
              "etcd_cluster_size": null,
              "subnet_id": "vpcsubnet-e00kbg7174vzg3nz9e",
              "version": "1.32"
            },
            "created_at": "2025-12-17T12:15:45Z",
            "id": "mk8scluster-e00r56vmsesx3gf3k3",
            "kube_network": null,
            "labels": null,
            "metadata": {},
            "name": "mda-mk8s-v0",
            "parent_id": "project-e00kmt05pr00d4dnxgz81d",
            "resource_version": 1,
            "status": {
              "control_plane": {
                "auth": {
                  "cluster_ca_certificate": "-----BEGIN CERTIFICATE-----\nMIIC6jCCAdKgAwIBAgIBADANBgkqhkiG9w0BAQsFADAVMRMwEQYDVQQDEwprdWJl\ncm5ldGVzMB4XDTI1MTIxNzEyMTA1NloXDTM1MTIxNTEyMTU1NlowFTETMBEGA1UE\nAxMKa3ViZXJuZXRlczCCASIwDQYJKoZIhvcNAQEBBQADggEPADCCAQoCggEBAJ1g\nfcOxDWpHqO+qdeAN4rUzK18hH1+HgxZadjvJUCA5sWTjWb+irnLluNk7Pvy4qk4M\n095VI12ltTmgE2/wKoas4wNw836bF2sPLyS5lEZZ88Od2x/wcyjYR1m7Ayw7LPrP\nXlg7MEwcjRvgfRLKZv+NOLaGQpzea9n53NkLdUYOQyFw0zFsVKcvmCow0y4+51fu\nGWfST2bBBz6UbeDAp5t0wbmYw0DjlNSjKDYUjD7laML7aTeto3i2mpiKxmXO+roU\n+x+oAiFEwJHBysVLOViPbKKqJh8Xj4gJ8SRCaDUPYbdsR+GXMevR8gRcBKhKi+vl\nXiyduQ20HtTGPojOTykCAwEAAaNFMEMwDgYDVR0PAQH/BAQDAgKkMBIGA1UdEwEB\n/wQIMAYBAf8CAQAwHQYDVR0OBBYEFLEoPmLhliHczdecePag1CJpAs6pMA0GCSqG\nSIb3DQEBCwUAA4IBAQBuFrVp4p2o1+KWeYEpqWo9S/Dz8q2Y5S/4gBB4MM2nb6s2\n0KduyyPGCwGSYBoABsn3uvaFK/QMWiknJyNak7GXmmN5tGYie7TkRU5nSW4LH5K/\nbXntLxKkcaHSrs78YBT/jc5UGP3Czx2t6RG0ahZvMajGBzAKlfOwZYqn/xWo6u82\nxU+U4ily7dGpDGd9zbxH0u4fx9Ca2OBXWWj4iFzcVyZauG+6y4ZW7aL+IuXf33AH\nyCCNKvu4uq4UXeHpT2rpIqKvNAiBmK1Kvpa1cgwGgFbSxrkZriRO4YkC1wLz/wt9\nzdk7XZpTv/T2XF+PHiDix4ykOyegvb4upL8xXgVQ\n-----END CERTIFICATE-----\n"
                },
                "endpoints": {
                  "private_endpoint": "https://pr.mk8scluster-e00r56vmsesx3gf3k3.mk8s.eu-north1.nebius.cloud:443",
                  "public_endpoint": "https://pu.mk8scluster-e00r56vmsesx3gf3k3.mk8s.eu-north1.nebius.cloud:443"
                },
                "etcd_cluster_size": 3,
                "version": "1.32"
              },
              "reconciling": null,
              "state": "RUNNING"
            },
            "updated_at": "2025-12-17T12:15:45Z"
          },
          "sensitive_attributes": [],
          "identity_schema_version": 0
        }
      ]
    },
    {
      "mode": "managed",
      "type": "nebius_mk8s_v1_node_group",
      "name": "cpu_node_group",
      "provider": "provider[\"terraform-provider.storage.eu-north1.nebius.cloud/nebius/nebius\"]",
      "instances": [
        {
          "schema_version": 0,
          "attributes": {
            "auto_repair": null,
            "autoscaling": null,
            "created_at": "2025-12-17T12:25:49Z",
            "fixed_node_count": 5,
            "id": "mk8snodegroup-e00eyg659f145830wr",
            "labels": null,
            "metadata": {},
            "name": "cpu-node-group-v0",
            "parent_id": "mk8scluster-e00r56vmsesx3gf3k3",
            "resource_version": 1,
            "status": {
              "events": null,
              "node_count": 5,
              "outdated_node_count": null,
              "ready_node_count": 5,
              "reconciling": null,
              "state": "RUNNING",
              "target_node_count": 5,
              "version": "v1.32.9-nebius-node.51"
            },
            "strategy": null,
            "template": {
              "boot_disk": {
                "block_size_bytes": 0,
                "size_bytes": null,
                "size_gibibytes": 64,
                "size_kibibytes": null,
                "size_mebibytes": null,
                "type": "NETWORK_SSD"
              },
              "cloud_init_user_data": "#cloud-config\nusers:\n  - name: dashabalashova\n    sudo: ALL=(ALL) NOPASSWD:ALL\n    shell: /bin/bash\n    ssh_authorized_keys:\n      - ssh-ed25519 AAAAC3NzaC1lZDI1NTE5AAAAIEqzmjmdPhVP91kkFOeugkneGD+knFndJ8FtS3INWmc/ dashabalashova@nebius.com\nruncmd:\n  - mkdir -p /mnt/data-v0\n  - mount -t virtiofs data-v0 /mnt/data-v0\n  - printf \"%s %s virtiofs defaults,nofail 0 2\\n\" \"data-v0\" \"/mnt/data-v0\" | tee -a /etc/fstab\n",
              "filesystems": [
                {
                  "attach_mode": "READ_WRITE",
                  "existing_filesystem": {
                    "id": "computefilesystem-e00gbvaagedzdq4qj2"
                  },
                  "mount_tag": "data-v0"
                }
              ],
              "gpu_cluster": null,
              "gpu_settings": null,
              "metadata": null,
              "network_interfaces": [
                {
                  "public_ip_address": {},
                  "subnet_id": "vpcsubnet-e00kbg7174vzg3nz9e"
                }
              ],
              "os": null,
              "preemptible": null,
              "resources": {
                "platform": "cpu-d3",
                "preset": "4vcpu-16gb"
              },
              "service_account_id": "serviceaccount-e00y7pg6mpj03a6xta",
              "taints": null
            },
            "updated_at": "2025-12-17T12:25:49Z",
            "version": "1.32"
          },
          "sensitive_attributes": [
            [
              {
                "type": "get_attr",
                "value": "template"
              },
              {
                "type": "get_attr",
                "value": "cloud_init_user_data"
              }
            ]
          ],
          "identity_schema_version": 0,
          "dependencies": [
            "nebius_compute_v1_filesystem.mda_filesystem",
            "nebius_iam_v1_service_account.mda_sa",
            "nebius_mk8s_v1_cluster.mda_mk8s"
          ]
        }
      ]
    },
    {
      "mode": "managed",
      "type": "nebius_registry_v1_registry",
      "name": "mda_registry",
      "provider": "provider[\"terraform-provider.storage.eu-north1.nebius.cloud/nebius/nebius\"]",
      "instances": [
        {
          "schema_version": 0,
          "attributes": {
            "created_at": "2025-12-17T12:15:44.963377Z",
            "description": null,
            "id": "registry-e00ntd85kz4hqgm7nz",
            "images_count": 0,
            "labels": null,
            "metadata": {},
            "name": "mda-registry-v0",
            "parent_id": "project-e00kmt05pr00d4dnxgz81d",
            "resource_version": 1,
            "status": {
              "images_count": null,
              "registry_fqdn": "cr.eu-north1.nebius.cloud",
              "state": "ACTIVE"
            },
            "updated_at": "2025-12-17T12:15:46.422025Z"
          },
          "sensitive_attributes": [],
          "identity_schema_version": 0
        }
      ]
    }
  ],
  "check_results": null
}
