dependencies:
- name: kruise
  repository: https://openkruise.github.io/charts/
  version: 1.8.0
- name: mariadb-operator
  repository: https://helm.mariadb.com/mariadb-operator
  version: 25.10.2
- name: soperator-checks
  repository: file://../soperator-checks
  version: 4.0.1-ps.1
- name: soperator-activechecks
  repository: file://../soperator-activechecks
  version: 4.0.1-ps.1
- name: soperator-notifier
  repository: file://../soperator-notifier
  version: 4.0.1-ps.1
- name: soperator-backup-config
  repository: file://../soperator-backup-config
  version: 4.0.1-ps.1
- name: k8up
  repository: https://k8up-io.github.io/k8up
  version: 4.9.0
- name: soperator-dcgm-exporter
  repository: file://../soperator-dcgm-exporter
  version: 4.0.1-ps.1
digest: sha256:a8261a481bb28a4ac01d8df0b30e88c57059052498ada84f30e1e1dd9f69fcb0
generated: "2026-06-04T10:34:54.364902-07:00"
