repository: "https://github.com/nebius/soperator"
release: "4.0.2"
tag: "4.0.2"
commit: "7f1c4e817cab67e7b5d563bc11db2bff8c661189"
imports:
  scripts:
    - name: slurm-cluster slurm_scripts
      scope: scripts
      upstream_path: helm/slurm-cluster/slurm_scripts
      local_path: helm-charts/soperator/slurm_scripts
      sync: true
      consumer: slurm-configmap
      consumer_values_file: helm-charts/soperator/values.yaml
      consumer_template_file: helm-charts/soperator/templates/slurm-cluster/slurm-scripts-cm.yaml
      consumer_mount_files:
        - helm-charts/soperator/templates/slurm-cluster/slurm-cluster-cr.yaml
        - helm-charts/soperator/templates/nodesets/_helpers.tpl
    - name: soperator-activechecks scripts
      scope: scripts
      upstream_path: helm/soperator-activechecks/scripts
      local_path: helm-charts/soperator-activechecks/scripts
      sync: true
      consumer: activechecks-render
      consumer_files:
        - helm-charts/soperator-activechecks/values.yaml
        - helm-charts/soperator-activechecks/templates
  crds:
    - name: core operator CRDs
      scope: crds
      upstream_path: helm/soperator/crds
      local_path: helm-charts/soperator/crds
      sync: true
  chart_versions:
    - name: parent soperator chart
      upstream_file: helm/soperator/Chart.yaml
      local_file: helm-charts/soperator/Chart.yaml
    - name: soperator-activechecks chart
      upstream_file: helm/soperator-activechecks/Chart.yaml
      local_file: helm-charts/soperator-activechecks/Chart.yaml
    - name: soperator-backup-config chart
      upstream_file: helm/soperator-backup-config/Chart.yaml
      local_file: helm-charts/soperator-backup-config/Chart.yaml
    - name: soperator-checks chart
      upstream_file: helm/soperatorchecks/Chart.yaml
      local_file: helm-charts/soperator-checks/Chart.yaml
    - name: soperator-dcgm-exporter chart
      upstream_file: helm/soperator-dcgm-exporter/Chart.yaml
      local_file: helm-charts/soperator-dcgm-exporter/Chart.yaml
    - name: soperator-notifier chart
      upstream_file: helm/soperator-notifier/Chart.yaml
      local_file: helm-charts/soperator-notifier/Chart.yaml
  images:
    - name: operator kube-rbac-proxy image repository
      scope: images
      upstream_file: helm/soperator/values.yaml
      upstream_path: [controllerManager, kubeRbacProxy, image, repository]
      local_file: helm-charts/soperator/values.yaml
      local_path: [controllerManager, kubeRbacProxy, image, repository]
      yq_path: .controllerManager.kubeRbacProxy.image.repository
      sync: true
    - name: operator kube-rbac-proxy image tag
      scope: images
      upstream_file: helm/soperator/values.yaml
      upstream_path: [controllerManager, kubeRbacProxy, image, tag]
      local_file: helm-charts/soperator/values.yaml
      local_path: [controllerManager, kubeRbacProxy, image, tag]
      yq_path: .controllerManager.kubeRbacProxy.image.tag
      sync: true
    - name: operator manager image repository
      scope: images
      upstream_file: helm/soperator/values.yaml
      upstream_path: [controllerManager, manager, image, repository]
      local_file: helm-charts/soperator/values.yaml
      local_path: [controllerManager, manager, image, repository]
      yq_path: .controllerManager.manager.image.repository
      sync: true
    - name: operator manager image tag
      scope: images
      upstream_file: helm/soperator/values.yaml
      upstream_path: [controllerManager, manager, image, tag]
      local_file: helm-charts/soperator/values.yaml
      local_path: [controllerManager, manager, image, tag]
      yq_path: .controllerManager.manager.image.tag
      sync: true
    - name: Slurm controller image
      scope: images
      upstream_file: helm/slurm-cluster/values.yaml
      upstream_path: [images, slurmctld]
      local_file: helm-charts/soperator/values.yaml
      local_path: [images, slurmctld]
      yq_path: .images.slurmctld
      sync: true
    - name: Slurm REST image
      scope: images
      upstream_file: helm/slurm-cluster/values.yaml
      upstream_path: [images, slurmrestd]
      local_file: helm-charts/soperator/values.yaml
      local_path: [images, slurmrestd]
      yq_path: .images.slurmrestd
      sync: true
    - name: Slurm worker image
      scope: images
      upstream_file: helm/slurm-cluster/values.yaml
      upstream_path: [images, slurmd]
      local_file: helm-charts/soperator/values.yaml
      local_path: [images, slurmd]
      yq_path: .images.slurmd
      sync: true
    - name: Slurm login SSH image
      scope: images
      upstream_file: helm/slurm-cluster/values.yaml
      upstream_path: [images, sshd]
      local_file: helm-charts/soperator/values.yaml
      local_path: [images, sshd]
      yq_path: .images.sshd
      sync: true
    - name: Munge image
      scope: images
      upstream_file: helm/slurm-cluster/values.yaml
      upstream_path: [images, munge]
      local_file: helm-charts/soperator/values.yaml
      local_path: [images, munge]
      yq_path: .images.munge
      sync: true
    - name: PopulateJail image repository
      scope: images
      upstream_file: helm/slurm-cluster/values.yaml
      upstream_path: [images, populateJailRepository]
      local_file: helm-charts/soperator/values.yaml
      local_path: [images, populateJailRepository]
      yq_path: .images.populateJailRepository
      sync: true
    - name: PopulateJail image tag
      scope: images
      upstream_file: helm/slurm-cluster/values.yaml
      upstream_path: [images, populateJailTag]
      local_file: helm-charts/soperator/values.yaml
      local_path: [images, populateJailTag]
      yq_path: .images.populateJailTag
      sync: true
    - name: SlurmDBD image
      scope: images
      upstream_file: helm/slurm-cluster/values.yaml
      upstream_path: [images, slurmdbd]
      local_file: helm-charts/soperator/values.yaml
      local_path: [images, slurmdbd]
      yq_path: .images.slurmdbd
      sync: true
    - name: Soperator exporter image
      scope: images
      upstream_file: helm/slurm-cluster/values.yaml
      upstream_path: [images, soperatorExporter]
      local_file: helm-charts/soperator/values.yaml
      local_path: [images, soperatorExporter]
      yq_path: .images.soperatorExporter
      sync: true
    - name: SConfigController image
      scope: images
      upstream_file: helm/slurm-cluster/values.yaml
      upstream_path: [images, sConfigController]
      local_file: helm-charts/soperator/values.yaml
      local_path: [images, sConfigController]
      yq_path: .images.sConfigController
      sync: true
    - name: MariaDB image
      scope: images
      upstream_file: helm/slurm-cluster/values.yaml
      upstream_path: [images, mariaDB]
      local_file: helm-charts/soperator/values.yaml
      local_path: [images, mariaDB]
      yq_path: .images.mariaDB
      sync: true
    - name: NodeConfigurator custom container image repository
      scope: images
      upstream_file: helm/nodeconfigurator/values.yaml
      upstream_path: [customContainer, image, repository]
      local_file: helm-charts/soperator/values.yaml
      local_path: [customContainer, image, repository]
      yq_path: .customContainer.image.repository
      sync: true
    - name: NodeConfigurator custom container image tag
      scope: images
      upstream_file: helm/nodeconfigurator/values.yaml
      upstream_path: [customContainer, image, tag]
      local_file: helm-charts/soperator/values.yaml
      local_path: [customContainer, image, tag]
      yq_path: .customContainer.image.tag
      sync: true
    - name: NodeConfigurator rebooter image repository
      scope: images
      upstream_file: helm/nodeconfigurator/values.yaml
      upstream_path: [rebooter, image, repository]
      local_file: helm-charts/soperator/values.yaml
      local_path: [rebooter, image, repository]
      yq_path: .rebooter.image.repository
      sync: true
    - name: NodeConfigurator rebooter image tag
      scope: images
      upstream_file: helm/nodeconfigurator/values.yaml
      upstream_path: [rebooter, image, tag]
      local_file: helm-charts/soperator/values.yaml
      local_path: [rebooter, image, tag]
      yq_path: .rebooter.image.tag
      sync: true
    - name: NodeConfigurator init container image
      scope: images
      upstream_file: helm/nodeconfigurator/values.yaml
      upstream_path: [initContainers, 0, image]
      local_file: helm-charts/soperator/values.yaml
      local_path: [initContainers, 0, image]
      yq_path: .initContainers[0].image
      sync: true
    - name: default NodeSet slurmd image repository
      scope: images
      upstream_file: helm/nodesets/values.yaml
      upstream_path: [nodesets, 0, slurmd, image, repository]
      local_file: helm-charts/soperator/values.yaml
      local_path: [nodesets, 0, slurmd, image, repository]
      yq_path: .nodesets[0].slurmd.image.repository
      sync: true
    - name: default NodeSet slurmd image tag
      scope: images
      upstream_file: helm/nodesets/values.yaml
      upstream_path: [nodesets, 0, slurmd, image, tag]
      local_file: helm-charts/soperator/values.yaml
      local_path: [nodesets, 0, slurmd, image, tag]
      yq_path: .nodesets[0].slurmd.image.tag
      sync: true
    - name: default NodeSet munge image repository
      scope: images
      upstream_file: helm/nodesets/values.yaml
      upstream_path: [nodesets, 0, munge, image, repository]
      local_file: helm-charts/soperator/values.yaml
      local_path: [nodesets, 0, munge, image, repository]
      yq_path: .nodesets[0].munge.image.repository
      sync: true
    - name: default NodeSet munge image tag
      scope: images
      upstream_file: helm/nodesets/values.yaml
      upstream_path: [nodesets, 0, munge, image, tag]
      local_file: helm-charts/soperator/values.yaml
      local_path: [nodesets, 0, munge, image, tag]
      yq_path: .nodesets[0].munge.image.tag
      sync: true
    - name: ActiveChecks Slurm job image
      scope: images
      upstream_file: helm/soperator-activechecks/values.yaml
      upstream_path: [images, slurmJob]
      local_file: helm-charts/soperator-activechecks/values.yaml
      local_path: [images, slurmJob]
      yq_path: .images.slurmJob
      sync: true
    - name: ActiveChecks Kubernetes job image
      scope: images
      upstream_file: helm/soperator-activechecks/values.yaml
      upstream_path: [images, k8sJob]
      local_file: helm-charts/soperator-activechecks/values.yaml
      local_path: [images, k8sJob]
      yq_path: .images.k8sJob
      sync: true
    - name: ActiveChecks munge image
      scope: images
      upstream_file: helm/soperator-activechecks/values.yaml
      upstream_path: [images, munge]
      local_file: helm-charts/soperator-activechecks/values.yaml
      local_path: [images, munge]
      yq_path: .images.munge
      sync: true
    - name: ActiveChecks ansible image
      scope: images
      upstream_file: helm/soperator-activechecks/values.yaml
      upstream_path: [images, sansible]
      local_file: helm-charts/soperator-activechecks/values.yaml
      local_path: [images, sansible]
      yq_path: .images.sansible
      sync: true
    - name: ActiveChecks training diagnostics image repository
      scope: images
      upstream_file: helm/soperator-activechecks/values.yaml
      upstream_path: [images, activeCheckImageRepository]
      local_file: helm-charts/soperator-activechecks/values.yaml
      local_path: [images, activeCheckImageRepository]
      yq_path: .images.activeCheckImageRepository
      sync: true
    - name: ActiveChecks CUDA 12.9 diagnostics image tag
      scope: images
      upstream_file: helm/soperator-activechecks/values.yaml
      upstream_path: [images, activeCheckImageTags, "12.9.0"]
      local_file: helm-charts/soperator-activechecks/values.yaml
      local_path: [images, activeCheckImageTags, "12.9.0"]
      yq_path: '.images.activeCheckImageTags."12.9.0"'
      sync: true
    - name: ActiveChecks CUDA 13.0 diagnostics image tag
      scope: images
      upstream_file: helm/soperator-activechecks/values.yaml
      upstream_path: [images, activeCheckImageTags, "13.0.2"]
      local_file: helm-charts/soperator-activechecks/values.yaml
      local_path: [images, activeCheckImageTags, "13.0.2"]
      yq_path: '.images.activeCheckImageTags."13.0.2"'
      sync: true
    - name: SoperatorChecks kube-rbac-proxy image repository
      scope: images
      upstream_file: helm/soperatorchecks/values.yaml
      upstream_path: [checks, kubeRbacProxy, image, repository]
      local_file: helm-charts/soperator-checks/values.yaml
      local_path: [checks, kubeRbacProxy, image, repository]
      yq_path: .checks.kubeRbacProxy.image.repository
      sync: true
    - name: SoperatorChecks kube-rbac-proxy image tag
      scope: images
      upstream_file: helm/soperatorchecks/values.yaml
      upstream_path: [checks, kubeRbacProxy, image, tag]
      local_file: helm-charts/soperator-checks/values.yaml
      local_path: [checks, kubeRbacProxy, image, tag]
      yq_path: .checks.kubeRbacProxy.image.tag
      sync: true
    - name: SoperatorChecks manager image repository
      scope: images
      upstream_file: helm/soperatorchecks/values.yaml
      upstream_path: [checks, manager, image, repository]
      local_file: helm-charts/soperator-checks/values.yaml
      local_path: [checks, manager, image, repository]
      yq_path: .checks.manager.image.repository
      sync: true
    - name: SoperatorChecks manager image tag
      scope: images
      upstream_file: helm/soperatorchecks/values.yaml
      upstream_path: [checks, manager, image, tag]
      local_file: helm-charts/soperator-checks/values.yaml
      local_path: [checks, manager, image, tag]
      yq_path: .checks.manager.image.tag
      sync: true
    - name: Soperator DCGM toolkit validator image repository
      scope: images
      upstream_file: helm/soperator-dcgm-exporter/values.yaml
      upstream_path: [daemonSet, toolkitValidation, image, repository]
      local_file: helm-charts/soperator-dcgm-exporter/values.yaml
      local_path: [daemonSet, toolkitValidation, image, repository]
      yq_path: .daemonSet.toolkitValidation.image.repository
      sync: true
    - name: Soperator DCGM toolkit validator image tag
      scope: images
      upstream_file: helm/soperator-dcgm-exporter/values.yaml
      upstream_path: [daemonSet, toolkitValidation, image, tag]
      local_file: helm-charts/soperator-dcgm-exporter/values.yaml
      local_path: [daemonSet, toolkitValidation, image, tag]
      yq_path: .daemonSet.toolkitValidation.image.tag
      sync: true
    - name: Soperator DCGM exporter image repository
      scope: images
      upstream_file: helm/soperator-dcgm-exporter/values.yaml
      upstream_path: [daemonSet, nvidiaDcgmExporter, image, repository]
      local_file: helm-charts/soperator-dcgm-exporter/values.yaml
      local_path: [daemonSet, nvidiaDcgmExporter, image, repository]
      yq_path: .daemonSet.nvidiaDcgmExporter.image.repository
      sync: true
    - name: Soperator DCGM exporter image tag
      scope: images
      upstream_file: helm/soperator-dcgm-exporter/values.yaml
      upstream_path: [daemonSet, nvidiaDcgmExporter, image, tag]
      local_file: helm-charts/soperator-dcgm-exporter/values.yaml
      local_path: [daemonSet, nvidiaDcgmExporter, image, tag]
      yq_path: .daemonSet.nvidiaDcgmExporter.image.tag
      sync: true
  runtime_images:
    - name: operator kube-rbac-proxy
      local_file: helm-charts/soperator/values.yaml
      repository_path: [controllerManager, kubeRbacProxy, image, repository]
      tag_path: [controllerManager, kubeRbacProxy, image, tag]
      reference: registry.k8s.io/kubebuilder/kube-rbac-proxy:v0.15.0
      digest: sha256:d8cc6ffb98190e8dd403bfe67ddcb454e6127d32b87acc237b3e5240f70a20fb
      required_platforms: [linux/amd64]
      platform_digests:
        linux/amd64: sha256:a3768b8f9d259df714ebbf176798c380f4d929216e656dc30754eafa03a74c41
    - name: operator manager
      local_file: helm-charts/soperator/values.yaml
      repository_path: [controllerManager, manager, image, repository]
      tag_path: [controllerManager, manager, image, tag]
      reference: cr.eu-north1.nebius.cloud/soperator/slurm-operator:4.0.2
      digest: sha256:566b6d13b9e40e66e07aabd2abf085394bd82c06cc96874a5beeb1e8b9ecf43f
      required_platforms: [linux/amd64]
      platform_digests:
        linux/amd64: sha256:f708526351f9ff7000b685e6158090800750abb772af32d0ecab11e8cccc8970
    - name: Slurm controller
      local_file: helm-charts/soperator/values.yaml
      image_path: [images, slurmctld]
      reference: cr.eu-north1.nebius.cloud/soperator/controller_slurmctld:4.0.2-slurm25.11.3
      digest: sha256:3cf0951fac7758b3dafa73822754baa6754269ae9bba10d85d952d305c413906
      required_platforms: [linux/amd64]
      platform_digests:
        linux/amd64: sha256:0e98d5c177988bd9de29fcd627a0b8cb2b296ce3d3c14bc216242b62c185e526
    - name: Slurm REST
      local_file: helm-charts/soperator/values.yaml
      image_path: [images, slurmrestd]
      reference: cr.eu-north1.nebius.cloud/soperator/slurmrestd:4.0.2-slurm25.11.3
      digest: sha256:0d2149cc4606b7d859c4d6ca894c85bbdea6b9ee86443b007430ade17d5a7346
      required_platforms: [linux/amd64]
      platform_digests:
        linux/amd64: sha256:91c22c0e537fe375417bc1dd7e01049c452641220012116e089d62a2faf449b0
    - name: Slurm worker
      local_file: helm-charts/soperator/values.yaml
      image_path: [images, slurmd]
      reference: cr.eu-north1.nebius.cloud/soperator/worker_slurmd:4.0.2-slurm25.11.3
      digest: sha256:c55949213824e6d0878936d64fc0e890c96ba33980a2492ff5cf043da529cfdc
      required_platforms: [linux/amd64]
      platform_digests:
        linux/amd64: sha256:444aec32841bbfa606e0910e86de57b523f44706d8adaece546b70eeec028f49
    - name: Slurm login SSH
      local_file: helm-charts/soperator/values.yaml
      image_path: [images, sshd]
      reference: cr.eu-north1.nebius.cloud/soperator/login_sshd:4.0.2-slurm25.11.3
      digest: sha256:6a5e3e80b50c2b9d50ef23547cbb6077475b177348b91ccfd4c9f34379334685
      required_platforms: [linux/amd64]
      platform_digests:
        linux/amd64: sha256:10a50447a77f82328939f69ad52e79f773075a2b386fdfa4d8feec2c8282687a
      required_commands:
        - awk
        - cat
        - readlink
        - sha256sum
        - sort
        - ssh-keygen
        - ssh-keyscan
        - sshd
        - tr
    - name: Munge
      local_file: helm-charts/soperator/values.yaml
      image_path: [images, munge]
      reference: cr.eu-north1.nebius.cloud/soperator/munge:4.0.2-slurm25.11.3
      digest: sha256:8d7a90404587dee2b8b68ab04ccbe1b4aa8a46d12a0fc1403a6ec9e6c5622c89
      required_platforms: [linux/amd64]
      platform_digests:
        linux/amd64: sha256:76d05c15bacc4f28ad1043c5d4003a9734a034cc1a2dbcf4742eda1f52678398
    - name: PopulateJail
      local_file: helm-charts/soperator/values.yaml
      repository_path: [images, populateJailRepository]
      tag_path: [images, populateJailTag]
      tag_suffix_value_path: [cudaVersion]
      tag_suffix_prefix: -cuda
      reference: cr.eu-north1.nebius.cloud/soperator/populate_jail:4.0.2-slurm25.11.3-cuda12.9.0
      digest: sha256:aa2183a05f6d047d260795f0105835eb418ff30accaf06e7888b709ca6c94a3d
      required_platforms: [linux/amd64]
      platform_digests:
        linux/amd64: sha256:999b4a00b081d6232be4dbb6888c25abba16e9b97e581d4635dd62c0e44fa698
    - name: SlurmDBD
      local_file: helm-charts/soperator/values.yaml
      image_path: [images, slurmdbd]
      reference: cr.eu-north1.nebius.cloud/soperator/controller_slurmdbd:4.0.2-slurm25.11.3
      digest: sha256:a494da92dfad99c8ea9d66291db687a49c2f14c4655277e2c25fc1a32ef33e29
      required_platforms: [linux/amd64]
      platform_digests:
        linux/amd64: sha256:2ffb4bf0fa14edb10b7a877f61b3ffe12022ab69a90687a08b65a0ea1c428b1a
    - name: Soperator exporter
      local_file: helm-charts/soperator/values.yaml
      image_path: [images, soperatorExporter]
      reference: cr.eu-north1.nebius.cloud/soperator/soperator-exporter:4.0.2-slurm25.11.3
      digest: sha256:2c6de900c1979380690fcf8dfa3153867657fa79ec47568558ca77e636ffed86
      required_platforms: [linux/amd64]
      platform_digests:
        linux/amd64: sha256:a6b8cdd85119b51db294171b22aab069a2b51d88f731fff585eefcf068b360ca
    - name: SConfigController
      local_file: helm-charts/soperator/values.yaml
      image_path: [images, sConfigController]
      reference: cr.eu-north1.nebius.cloud/soperator/sconfigcontroller:4.0.2
      digest: sha256:b9e647b05a5ae6b8486e8c949daaf9d3de19276951fbea05ce9e09ee893f8c18
      required_platforms: [linux/amd64]
      platform_digests:
        linux/amd64: sha256:ff333eeee6ec708919d9c4d36449cc013d969993681c33b26900cb4c1e210084
    - name: MariaDB
      local_file: helm-charts/soperator/values.yaml
      image_path: [images, mariaDB]
      reference: docker-registry1.mariadb.com/library/mariadb:12.1.2
      digest: sha256:e487701b1f7e3f47319fe005b417c72becb67824a58b7bd35c6505f070f66dcd
      required_platforms: [linux/amd64]
      platform_digests:
        linux/amd64: sha256:310425c03b97479ea6083df11ca8a338a763ad4626db79ca39447b9dfc631ec4
    - name: NodeConfigurator custom container
      local_file: helm-charts/soperator/values.yaml
      repository_path: [customContainer, image, repository]
      tag_path: [customContainer, image, tag]
      reference: cr.eu-north1.nebius.cloud/soperator/busybox:latest
      digest: sha256:e22b7c1e77bda9f6028d20860ab53257697a9153115f30fd6997df7422e4e845
      required_platforms: [linux/amd64]
      platform_digests:
        linux/amd64: sha256:7c0ffe5751238c8479f952f3fbc3b719d47bccac0e9bf0a21c77a27cba9ef12d
    - name: NodeConfigurator rebooter
      local_file: helm-charts/soperator/values.yaml
      repository_path: [rebooter, image, repository]
      tag_path: [rebooter, image, tag]
      reference: cr.eu-north1.nebius.cloud/soperator/rebooter:4.0.2
      digest: sha256:7d21e5ccd7bf5e1db9418ec1275492add33d9294ca803dbdbd87dd2359735019
      required_platforms: [linux/amd64]
      platform_digests:
        linux/amd64: sha256:eef97b2d970f33c4a682782d188cc2e9ed5e7302f8a023a57eacfcf99d0715c4
    - name: NodeConfigurator init container
      local_file: helm-charts/soperator/values.yaml
      image_path: [initContainers, 0, image]
      reference: cr.eu-north1.nebius.cloud/soperator/busybox:latest
      digest: sha256:e22b7c1e77bda9f6028d20860ab53257697a9153115f30fd6997df7422e4e845
      required_platforms: [linux/amd64]
      platform_digests:
        linux/amd64: sha256:7c0ffe5751238c8479f952f3fbc3b719d47bccac0e9bf0a21c77a27cba9ef12d
    - name: default NodeSet slurmd
      local_file: helm-charts/soperator/values.yaml
      repository_path: [nodesets, 0, slurmd, image, repository]
      tag_path: [nodesets, 0, slurmd, image, tag]
      reference: cr.eu-north1.nebius.cloud/soperator/worker_slurmd:4.0.2-slurm25.11.3
      digest: sha256:c55949213824e6d0878936d64fc0e890c96ba33980a2492ff5cf043da529cfdc
      required_platforms: [linux/amd64]
      platform_digests:
        linux/amd64: sha256:444aec32841bbfa606e0910e86de57b523f44706d8adaece546b70eeec028f49
    - name: default NodeSet munge
      local_file: helm-charts/soperator/values.yaml
      repository_path: [nodesets, 0, munge, image, repository]
      tag_path: [nodesets, 0, munge, image, tag]
      reference: cr.eu-north1.nebius.cloud/soperator/munge:4.0.2-slurm25.11.3
      digest: sha256:8d7a90404587dee2b8b68ab04ccbe1b4aa8a46d12a0fc1403a6ec9e6c5622c89
      required_platforms: [linux/amd64]
      platform_digests:
        linux/amd64: sha256:76d05c15bacc4f28ad1043c5d4003a9734a034cc1a2dbcf4742eda1f52678398
    - name: ActiveChecks Slurm job
      local_file: helm-charts/soperator-activechecks/values.yaml
      image_path: [images, slurmJob]
      reference: cr.eu-north1.nebius.cloud/soperator/slurm_check_job:4.0.2-slurm25.11.3
      digest: sha256:d5a9d91368474e413a76b74b19ac54cd547bbb973a828232496867939cb60199
      required_platforms: [linux/amd64]
      platform_digests:
        linux/amd64: sha256:a401e7f60926d0beca2ea85ac2b7bb10d62ddf5a44cd699142c2fe8d9f741f53
    - name: ActiveChecks Kubernetes job
      local_file: helm-charts/soperator-activechecks/values.yaml
      image_path: [images, k8sJob]
      reference: cr.eu-north1.nebius.cloud/soperator/k8s_check_job:4.0.2-slurm25.11.3
      digest: sha256:54513c18e54cdee279e5240bf70cc76d36d00819161e1a7da2d773d1d0cde359
      required_platforms: [linux/amd64]
      platform_digests:
        linux/amd64: sha256:04500b00d3a2dd627552905008a3893037eabd35e17acf790e0d8e2edb7039f6
    - name: ActiveChecks munge
      local_file: helm-charts/soperator-activechecks/values.yaml
      image_path: [images, munge]
      reference: cr.eu-north1.nebius.cloud/soperator/munge:4.0.2-slurm25.11.3
      digest: sha256:8d7a90404587dee2b8b68ab04ccbe1b4aa8a46d12a0fc1403a6ec9e6c5622c89
      required_platforms: [linux/amd64]
      platform_digests:
        linux/amd64: sha256:76d05c15bacc4f28ad1043c5d4003a9734a034cc1a2dbcf4742eda1f52678398
    - name: ActiveChecks ansible
      local_file: helm-charts/soperator-activechecks/values.yaml
      image_path: [images, sansible]
      reference: cr.eu-north1.nebius.cloud/soperator/sansible:4.0.2-slurm25.11.3
      digest: sha256:f0547d084159024aced8452aef551ba9246f616ed1ea7df2237a85fba0f111d8
      required_platforms: [linux/amd64]
      platform_digests:
        linux/amd64: sha256:049a25f9f36e180c577a5ac8b36194a8e6b3f7dee3d447afec7e34e3ebbce51f
    - name: ActiveChecks CUDA 12.9 diagnostics
      local_file: helm-charts/soperator-activechecks/values.yaml
      repository_path: [images, activeCheckImageRepository]
      repository_format: pyxis
      tag_path: [images, activeCheckImageTags, "12.9.0"]
      reference: cr.eu-north1.nebius.cloud/ml-containers/training_diag:12.9.0-ubuntu24.04-20260605082528
      digest: sha256:b0c39df7f1071a276f457ba940bf911c449da0b3393ecaae5407932c4ec322d3
      required_platforms: [linux/amd64]
      platform_digests:
        linux/amd64: sha256:a7aacf600f52a4fd8719675fb89e57624d7a39508fc6eaac2aef0b3e4d206cbd
    - name: ActiveChecks CUDA 13.0 diagnostics
      local_file: helm-charts/soperator-activechecks/values.yaml
      repository_path: [images, activeCheckImageRepository]
      repository_format: pyxis
      tag_path: [images, activeCheckImageTags, "13.0.2"]
      reference: cr.eu-north1.nebius.cloud/ml-containers/training_diag:13.0.2-ubuntu24.04-20260605082528
      digest: sha256:71eb8280613e7f53391671ff2c4db6a9e3ab22d18295f191428028aadea9b0d7
      required_platforms: [linux/amd64]
      platform_digests:
        linux/amd64: sha256:23a8985f47fcd045647e35727ddd9a987cfc59624a20b323ecec0352bf9721ab
    - name: SoperatorChecks kube-rbac-proxy
      local_file: helm-charts/soperator-checks/values.yaml
      repository_path: [checks, kubeRbacProxy, image, repository]
      tag_path: [checks, kubeRbacProxy, image, tag]
      reference: registry.k8s.io/kubebuilder/kube-rbac-proxy:v0.15.0
      digest: sha256:d8cc6ffb98190e8dd403bfe67ddcb454e6127d32b87acc237b3e5240f70a20fb
      required_platforms: [linux/amd64]
      platform_digests:
        linux/amd64: sha256:a3768b8f9d259df714ebbf176798c380f4d929216e656dc30754eafa03a74c41
    - name: SoperatorChecks manager
      local_file: helm-charts/soperator-checks/values.yaml
      repository_path: [checks, manager, image, repository]
      tag_path: [checks, manager, image, tag]
      reference: cr.eu-north1.nebius.cloud/soperator/soperatorchecks:4.0.2
      digest: sha256:b3f28bea63943b04edff51a5cbdaf5771ca35cb83b9a41404bbb5dd71c395713
      required_platforms: [linux/amd64]
      platform_digests:
        linux/amd64: sha256:c0ad7a89fc70aa4587c507ba92b63cf80728b536383fdaf06134d0cc142def41
    - name: Soperator DCGM toolkit validator
      local_file: helm-charts/soperator-dcgm-exporter/values.yaml
      repository_path: [daemonSet, toolkitValidation, image, repository]
      tag_path: [daemonSet, toolkitValidation, image, tag]
      reference: cr.eu-north1.nebius.cloud/marketplace/nebius/nvidia-gpu-operator/image/gpu-operator-validator:v24.6.2
      digest: sha256:7f769cae6f97ad719c1faeff6dea7fe58983141e09eaddea55c341d1397584d6
      required_platforms: [linux/amd64]
      platform_digests:
        linux/amd64: sha256:7f769cae6f97ad719c1faeff6dea7fe58983141e09eaddea55c341d1397584d6
    - name: Soperator DCGM exporter
      local_file: helm-charts/soperator-dcgm-exporter/values.yaml
      repository_path: [daemonSet, nvidiaDcgmExporter, image, repository]
      tag_path: [daemonSet, nvidiaDcgmExporter, image, tag]
      reference: cr.eu-north1.nebius.cloud/soperator/dcgm-exporter:4.4.2-4.7.0-ubuntu22.04
      digest: sha256:9a8d3e9c5e62ab5129ad0b1c934d434d63d4b0d8c1794dc86165cd5c8428aef3
      required_platforms: [linux/amd64]
      platform_digests:
        linux/amd64: sha256:9965fa562552bff5f69cfa3c81c2547e3ab98c1fc2b2eb170deb66fd3fae398e
  review:
    - name: core operator templates
      scope: logic
      upstream_path: helm/soperator/templates
      sha256: 94759d58bc00b1dd4b55e662688c98dd92216db99c471ef5535c5a6dc325a96f
    - name: SlurmCluster templates
      scope: logic
      upstream_path: helm/slurm-cluster/templates
      sha256: bb3ded7be3410bfb7a91df67f817d5ab441fd2e4fb020b419a9d34ef7baeff02
    - name: Slurm storage templates
      scope: logic
      upstream_path: helm/slurm-cluster-storage/templates
      sha256: 4ce56ae7ef85ca3f3a21557999997d68c13090db3e789b07502814cda9efdb6b
    - name: NodeSet templates
      scope: logic
      upstream_path: helm/nodesets/templates
      sha256: c49a8345c3649f9f1b60485c43aaff0a7b30269a654591bf52e9799b5c9deeb3
    - name: NodeConfigurator templates
      scope: logic
      upstream_path: helm/nodeconfigurator/templates
      sha256: 0184c40c55b4cfea97c79c10d194e27a48db14e1e9c70db381c47245a745b31e
    - name: ActiveChecks templates
      scope: logic
      upstream_path: helm/soperator-activechecks/templates
      sha256: 12c063a99f22eb9a4fa3fb4f157e558bd031bf1b8b0170e9d3d4ac2d2110a0aa
    - name: SoperatorChecks templates
      scope: logic
      upstream_path: helm/soperatorchecks/templates
      sha256: cf0a22a1adaacb9a59b96d1ba445f8591158e880a53039d11cff751404028ad8
    - name: backup schedule templates
      scope: logic
      upstream_path: helm/soperator-backup-config/templates
      sha256: 1486cc5066507106dcd4f8cba371dc2f947f3f24867e2b7c5b021924a9fd63c5
    - name: Soperator DCGM exporter templates
      scope: logic
      upstream_path: helm/soperator-dcgm-exporter/templates
      sha256: fa32562160efe9ee2aa60243e24c23caec6b0900f6eb546fdbbe7b4aafa1711a
    - name: notifier templates
      scope: logic
      upstream_path: helm/soperator-notifier/templates
      sha256: ac3973fce7878c3e02e246d9c784e1c41b248c9cab595bb0cbff8b651739d152
    - name: custom ConfigMaps chart
      scope: logic
      upstream_path: helm/soperator-custom-configmaps
      sha256: 9dbdfe53acbc4bfbe1bb87b4ae22aecab3d4fb537cd250b75ecd233e66127315
    - name: monitoring dashboards chart
      scope: logic
      upstream_path: helm/soperator-monitoring-dashboards
      sha256: 2d5d78c0f31a8c4cd38b529c943863dc00dceb4d783c122f110e953ab52e93f3
    - name: storageclasses chart
      scope: logic
      upstream_path: helm/storageclasses
      sha256: 6cbf13caaf099788718f7b9882f37000bb0bdb72a9cb42a4f45dcef683532eeb
exact_sync_targets:
  - helm-charts/soperator/slurm_scripts
  - helm-charts/soperator-activechecks/scripts
  - helm-charts/soperator/crds
conformance:
  live_upgrade_evidence:
    producer_repository: nebius/nebius-ps-services
    producer_workflow: null
    trusted_ref: refs/heads/main
    trusted_event: workflow_dispatch
    artifact_name: soperator-disposable-upgrade-evidence
    required_source:
      upstream_release: "1.22.3"
      chart_version: "1.22.3"
      tarball_sha256: 41504a06e0867abfc6d626f05e31c6304e8f6ead7383739f6717c4f7145293fc
      contract_fingerprint: 9253ffb3f7893bdb1fa52593773a56838cf3ffc5a1a2df63a816bf0827ee54d4
      runtime_images_sha256: c3151dc5430e1d12ceb1685f42cb497ecf1960cee5d84d5e46bd1c827b43fe3c
      profile_file: services/nebius-cxcli/src/nebius_cxcli/soperator_migration_profiles.yaml
  cxcli_values:
    values_file: helm-charts/soperator/values.yaml
    schema_file: helm-charts/soperator/values.schema.json
    render_template: templates/slurm-cluster/slurm-cluster-cr.yaml
    required_paths:
      - [clusterName]
      - [clusterType]
      - [maintenance]
      - [jailRootfs]
      - [jailPersistentMounts]
      - [gpuDriverJail]
      - [partitionConfiguration]
      - [k8sNodeFilters]
      - [slurmNodes]
      - [slurmNodes, controller, slurmctld, command]
      - [slurmNodes, controller, slurmctld, args]
      - [slurmNodes, controller, slurmctld, livenessProbe]
      - [slurmNodes, controller, slurmctld, readinessProbe]
      - [volume]
      - [storage]
      - [nodesets]
      - [images]
      - [images, slurmctld]
    rendered_required_paths:
      - [metadata, name]
      - [spec, maintenance]
      - [spec, partitionConfiguration]
      - [spec, k8sNodeFilters]
      - [spec, volumeSources]
      - [spec, slurmNodes, controller]
      - [spec, slurmNodes, controller, slurmctld, image]
      - [spec, slurmNodes, login]
      - [spec, sConfigController]
    forbidden_controller_fields:
      - ha
      - highAvailability
      - replicas
      - replicaCount
      - size
local_owned_paths:
  - helm-charts/soperator/.helmignore
  - helm-charts/soperator/CHANGELOG.md
  - helm-charts/soperator/Chart.yaml
  - helm-charts/soperator/Chart.lock
  - helm-charts/soperator/README.md
  - helm-charts/soperator/charts/
  - helm-charts/soperator/local_slurm_scripts/
  - helm-charts/soperator/values.yaml
  - helm-charts/soperator/values.schema.json
  - helm-charts/soperator/scripts/
  - helm-charts/soperator/templates/
  - helm-charts/soperator/examples/
  - helm-charts/soperator/docs/
  - helm-charts/soperator-activechecks/.helmignore
  - helm-charts/soperator-activechecks/CHANGELOG.md
  - helm-charts/soperator-activechecks/Chart.yaml
  - helm-charts/soperator-activechecks/README.md
  - helm-charts/soperator-activechecks/local_scripts/
  - helm-charts/soperator-activechecks/templates/
  - helm-charts/soperator-activechecks/tests/
  - helm-charts/soperator-activechecks/values.yaml
  - helm-charts/soperator-activechecks/values.schema.json
  - helm-charts/soperator-backup-config/.helmignore
  - helm-charts/soperator-backup-config/CHANGELOG.md
  - helm-charts/soperator-backup-config/Chart.yaml
  - helm-charts/soperator-backup-config/README.md
  - helm-charts/soperator-backup-config/templates/
  - helm-charts/soperator-backup-config/values.yaml
  - helm-charts/soperator-backup-config/values.schema.json
  - helm-charts/soperator-checks/.helmignore
  - helm-charts/soperator-checks/CHANGELOG.md
  - helm-charts/soperator-checks/Chart.yaml
  - helm-charts/soperator-checks/README.md
  - helm-charts/soperator-checks/templates/
  - helm-charts/soperator-checks/values.yaml
  - helm-charts/soperator-checks/values.schema.json
  - helm-charts/soperator-dcgm-exporter/.helmignore
  - helm-charts/soperator-dcgm-exporter/CHANGELOG.md
  - helm-charts/soperator-dcgm-exporter/Chart.yaml
  - helm-charts/soperator-dcgm-exporter/README.md
  - helm-charts/soperator-dcgm-exporter/templates/
  - helm-charts/soperator-dcgm-exporter/values.yaml
  - helm-charts/soperator-dcgm-exporter/values.schema.json
  - helm-charts/soperator-notifier/.helmignore
  - helm-charts/soperator-notifier/CHANGELOG.md
  - helm-charts/soperator-notifier/Chart.yaml
  - helm-charts/soperator-notifier/README.md
  - helm-charts/soperator-notifier/templates/
  - helm-charts/soperator-notifier/values.yaml
  - helm-charts/soperator-notifier/values.schema.json
