repository: "https://github.com/nebius/soperator"
release: "3.0.4"
tag: "3.0.4"
commit: "e80e652f98826171d81675b21b05facdf4477a78"
imports:
  exact:
    - name: slurm-cluster slurm_scripts
      scope: scripts
      upstream_path: helm/slurm-cluster/slurm_scripts
      local_path: helm-charts/soperator/slurm_scripts
      sync: true
    - name: soperator-activechecks scripts
      scope: scripts
      upstream_path: helm/soperator-activechecks/scripts
      local_path: helm-charts/soperator-activechecks/scripts
      sync: true
  chart_versions:
    - name: parent soperator chart
      upstream_file: helm/soperator/Chart.yaml
      local_file: helm-charts/soperator/Chart.yaml
    - name: soperator-activechecks chart
      upstream_file: helm/soperator-activechecks/Chart.yaml
      local_file: helm-charts/soperator-activechecks/Chart.yaml
    - name: soperator-backup-config chart
      upstream_file: helm/soperator-backup-config/Chart.yaml
      local_file: helm-charts/soperator-backup-config/Chart.yaml
    - name: soperator-checks chart
      upstream_file: helm/soperatorchecks/Chart.yaml
      local_file: helm-charts/soperator-checks/Chart.yaml
    - name: soperator-dcgm-exporter chart
      upstream_file: helm/soperator-dcgm-exporter/Chart.yaml
      local_file: helm-charts/soperator-dcgm-exporter/Chart.yaml
    - name: soperator-notifier chart
      upstream_file: helm/soperator-notifier/Chart.yaml
      local_file: helm-charts/soperator-notifier/Chart.yaml
  images:
    - name: operator kube-rbac-proxy image repository
      scope: images
      upstream_file: helm/soperator/values.yaml
      upstream_path: [controllerManager, kubeRbacProxy, image, repository]
      local_file: helm-charts/soperator/values.yaml
      local_path: [controllerManager, kubeRbacProxy, image, repository]
      yq_path: .controllerManager.kubeRbacProxy.image.repository
      sync: true
    - name: operator kube-rbac-proxy image tag
      scope: images
      upstream_file: helm/soperator/values.yaml
      upstream_path: [controllerManager, kubeRbacProxy, image, tag]
      local_file: helm-charts/soperator/values.yaml
      local_path: [controllerManager, kubeRbacProxy, image, tag]
      yq_path: .controllerManager.kubeRbacProxy.image.tag
      sync: true
    - name: operator manager image repository
      scope: images
      upstream_file: helm/soperator/values.yaml
      upstream_path: [controllerManager, manager, image, repository]
      local_file: helm-charts/soperator/values.yaml
      local_path: [controllerManager, manager, image, repository]
      yq_path: .controllerManager.manager.image.repository
      sync: true
    - name: operator manager image tag
      scope: images
      upstream_file: helm/soperator/values.yaml
      upstream_path: [controllerManager, manager, image, tag]
      local_file: helm-charts/soperator/values.yaml
      local_path: [controllerManager, manager, image, tag]
      yq_path: .controllerManager.manager.image.tag
      sync: true
    - name: Slurm controller image
      scope: images
      upstream_file: helm/slurm-cluster/values.yaml
      upstream_path: [images, slurmctld]
      local_file: helm-charts/soperator/values.yaml
      local_path: [images, slurmctld]
      yq_path: .images.slurmctld
      sync: true
    - name: Slurm REST image
      scope: images
      upstream_file: helm/slurm-cluster/values.yaml
      upstream_path: [images, slurmrestd]
      local_file: helm-charts/soperator/values.yaml
      local_path: [images, slurmrestd]
      yq_path: .images.slurmrestd
      sync: true
    - name: Slurm worker image
      scope: images
      upstream_file: helm/slurm-cluster/values.yaml
      upstream_path: [images, slurmd]
      local_file: helm-charts/soperator/values.yaml
      local_path: [images, slurmd]
      yq_path: .images.slurmd
      sync: true
    - name: Slurm login SSH image
      scope: images
      upstream_file: helm/slurm-cluster/values.yaml
      upstream_path: [images, sshd]
      local_file: helm-charts/soperator/values.yaml
      local_path: [images, sshd]
      yq_path: .images.sshd
      sync: true
    - name: Munge image
      scope: images
      upstream_file: helm/slurm-cluster/values.yaml
      upstream_path: [images, munge]
      local_file: helm-charts/soperator/values.yaml
      local_path: [images, munge]
      yq_path: .images.munge
      sync: true
    - name: PopulateJail image repository
      scope: images
      upstream_file: helm/slurm-cluster/values.yaml
      upstream_path: [images, populateJailRepository]
      local_file: helm-charts/soperator/values.yaml
      local_path: [images, populateJailRepository]
      yq_path: .images.populateJailRepository
      sync: true
    - name: PopulateJail image tag
      scope: images
      upstream_file: helm/slurm-cluster/values.yaml
      upstream_path: [images, populateJailTag]
      local_file: helm-charts/soperator/values.yaml
      local_path: [images, populateJailTag]
      yq_path: .images.populateJailTag
      sync: true
    - name: SlurmDBD image
      scope: images
      upstream_file: helm/slurm-cluster/values.yaml
      upstream_path: [images, slurmdbd]
      local_file: helm-charts/soperator/values.yaml
      local_path: [images, slurmdbd]
      yq_path: .images.slurmdbd
      sync: true
    - name: Soperator exporter image
      scope: images
      upstream_file: helm/slurm-cluster/values.yaml
      upstream_path: [images, soperatorExporter]
      local_file: helm-charts/soperator/values.yaml
      local_path: [images, soperatorExporter]
      yq_path: .images.soperatorExporter
      sync: true
    - name: SConfigController image
      scope: images
      upstream_file: helm/slurm-cluster/values.yaml
      upstream_path: [images, sConfigController]
      local_file: helm-charts/soperator/values.yaml
      local_path: [images, sConfigController]
      yq_path: .images.sConfigController
      sync: true
    - name: MariaDB image
      scope: images
      upstream_file: helm/slurm-cluster/values.yaml
      upstream_path: [images, mariaDB]
      local_file: helm-charts/soperator/values.yaml
      local_path: [images, mariaDB]
      yq_path: .images.mariaDB
      sync: true
    - name: NodeConfigurator custom container image repository
      scope: images
      upstream_file: helm/nodeconfigurator/values.yaml
      upstream_path: [customContainer, image, repository]
      local_file: helm-charts/soperator/values.yaml
      local_path: [customContainer, image, repository]
      yq_path: .customContainer.image.repository
      sync: true
    - name: NodeConfigurator custom container image tag
      scope: images
      upstream_file: helm/nodeconfigurator/values.yaml
      upstream_path: [customContainer, image, tag]
      local_file: helm-charts/soperator/values.yaml
      local_path: [customContainer, image, tag]
      yq_path: .customContainer.image.tag
      sync: true
    - name: NodeConfigurator rebooter image repository
      scope: images
      upstream_file: helm/nodeconfigurator/values.yaml
      upstream_path: [rebooter, image, repository]
      local_file: helm-charts/soperator/values.yaml
      local_path: [rebooter, image, repository]
      yq_path: .rebooter.image.repository
      sync: true
    - name: NodeConfigurator rebooter image tag
      scope: images
      upstream_file: helm/nodeconfigurator/values.yaml
      upstream_path: [rebooter, image, tag]
      local_file: helm-charts/soperator/values.yaml
      local_path: [rebooter, image, tag]
      yq_path: .rebooter.image.tag
      sync: true
    - name: NodeConfigurator init container image
      scope: images
      upstream_file: helm/nodeconfigurator/values.yaml
      upstream_path: [initContainers, 0, image]
      local_file: helm-charts/soperator/values.yaml
      local_path: [initContainers, 0, image]
      yq_path: .initContainers[0].image
      sync: true
    - name: default NodeSet slurmd image repository
      scope: images
      upstream_file: helm/nodesets/values.yaml
      upstream_path: [nodesets, 0, slurmd, image, repository]
      local_file: helm-charts/soperator/values.yaml
      local_path: [nodesets, 0, slurmd, image, repository]
      yq_path: .nodesets[0].slurmd.image.repository
      sync: true
    - name: default NodeSet slurmd image tag
      scope: images
      upstream_file: helm/nodesets/values.yaml
      upstream_path: [nodesets, 0, slurmd, image, tag]
      local_file: helm-charts/soperator/values.yaml
      local_path: [nodesets, 0, slurmd, image, tag]
      yq_path: .nodesets[0].slurmd.image.tag
      sync: true
    - name: default NodeSet munge image repository
      scope: images
      upstream_file: helm/nodesets/values.yaml
      upstream_path: [nodesets, 0, munge, image, repository]
      local_file: helm-charts/soperator/values.yaml
      local_path: [nodesets, 0, munge, image, repository]
      yq_path: .nodesets[0].munge.image.repository
      sync: true
    - name: default NodeSet munge image tag
      scope: images
      upstream_file: helm/nodesets/values.yaml
      upstream_path: [nodesets, 0, munge, image, tag]
      local_file: helm-charts/soperator/values.yaml
      local_path: [nodesets, 0, munge, image, tag]
      yq_path: .nodesets[0].munge.image.tag
      sync: true
    - name: ActiveChecks Slurm job image
      scope: images
      upstream_file: helm/soperator-activechecks/values.yaml
      upstream_path: [images, slurmJob]
      local_file: helm-charts/soperator-activechecks/values.yaml
      local_path: [images, slurmJob]
      yq_path: .images.slurmJob
      sync: true
    - name: ActiveChecks Kubernetes job image
      scope: images
      upstream_file: helm/soperator-activechecks/values.yaml
      upstream_path: [images, k8sJob]
      local_file: helm-charts/soperator-activechecks/values.yaml
      local_path: [images, k8sJob]
      yq_path: .images.k8sJob
      sync: true
    - name: ActiveChecks munge image
      scope: images
      upstream_file: helm/soperator-activechecks/values.yaml
      upstream_path: [images, munge]
      local_file: helm-charts/soperator-activechecks/values.yaml
      local_path: [images, munge]
      yq_path: .images.munge
      sync: true
    - name: ActiveChecks ansible image
      scope: images
      upstream_file: helm/soperator-activechecks/values.yaml
      upstream_path: [images, sansible]
      local_file: helm-charts/soperator-activechecks/values.yaml
      local_path: [images, sansible]
      yq_path: .images.sansible
      sync: true
    - name: ActiveChecks training diagnostics image repository
      scope: images
      upstream_file: helm/soperator-activechecks/values.yaml
      upstream_path: [images, activeCheckImageRepository]
      local_file: helm-charts/soperator-activechecks/values.yaml
      local_path: [images, activeCheckImageRepository]
      yq_path: .images.activeCheckImageRepository
      sync: true
    - name: ActiveChecks CUDA 12.9 diagnostics image tag
      scope: images
      upstream_file: helm/soperator-activechecks/values.yaml
      upstream_path: [images, activeCheckImageTags, "12.9.0"]
      local_file: helm-charts/soperator-activechecks/values.yaml
      local_path: [images, activeCheckImageTags, "12.9.0"]
      yq_path: '.images.activeCheckImageTags."12.9.0"'
      sync: true
    - name: ActiveChecks CUDA 13.0 diagnostics image tag
      scope: images
      upstream_file: helm/soperator-activechecks/values.yaml
      upstream_path: [images, activeCheckImageTags, "13.0.2"]
      local_file: helm-charts/soperator-activechecks/values.yaml
      local_path: [images, activeCheckImageTags, "13.0.2"]
      yq_path: '.images.activeCheckImageTags."13.0.2"'
      sync: true
    - name: SoperatorChecks kube-rbac-proxy image repository
      scope: images
      upstream_file: helm/soperatorchecks/values.yaml
      upstream_path: [checks, kubeRbacProxy, image, repository]
      local_file: helm-charts/soperator-checks/values.yaml
      local_path: [checks, kubeRbacProxy, image, repository]
      yq_path: .checks.kubeRbacProxy.image.repository
      sync: true
    - name: SoperatorChecks kube-rbac-proxy image tag
      scope: images
      upstream_file: helm/soperatorchecks/values.yaml
      upstream_path: [checks, kubeRbacProxy, image, tag]
      local_file: helm-charts/soperator-checks/values.yaml
      local_path: [checks, kubeRbacProxy, image, tag]
      yq_path: .checks.kubeRbacProxy.image.tag
      sync: true
    - name: SoperatorChecks manager image repository
      scope: images
      upstream_file: helm/soperatorchecks/values.yaml
      upstream_path: [checks, manager, image, repository]
      local_file: helm-charts/soperator-checks/values.yaml
      local_path: [checks, manager, image, repository]
      yq_path: .checks.manager.image.repository
      sync: true
    - name: SoperatorChecks manager image tag
      scope: images
      upstream_file: helm/soperatorchecks/values.yaml
      upstream_path: [checks, manager, image, tag]
      local_file: helm-charts/soperator-checks/values.yaml
      local_path: [checks, manager, image, tag]
      yq_path: .checks.manager.image.tag
      sync: true
    - name: Soperator DCGM toolkit validator image repository
      scope: images
      upstream_file: helm/soperator-dcgm-exporter/values.yaml
      upstream_path: [daemonSet, toolkitValidation, image, repository]
      local_file: helm-charts/soperator-dcgm-exporter/values.yaml
      local_path: [daemonSet, toolkitValidation, image, repository]
      yq_path: .daemonSet.toolkitValidation.image.repository
      sync: true
    - name: Soperator DCGM toolkit validator image tag
      scope: images
      upstream_file: helm/soperator-dcgm-exporter/values.yaml
      upstream_path: [daemonSet, toolkitValidation, image, tag]
      local_file: helm-charts/soperator-dcgm-exporter/values.yaml
      local_path: [daemonSet, toolkitValidation, image, tag]
      yq_path: .daemonSet.toolkitValidation.image.tag
      sync: true
    - name: Soperator DCGM exporter image repository
      scope: images
      upstream_file: helm/soperator-dcgm-exporter/values.yaml
      upstream_path: [daemonSet, nvidiaDcgmExporter, image, repository]
      local_file: helm-charts/soperator-dcgm-exporter/values.yaml
      local_path: [daemonSet, nvidiaDcgmExporter, image, repository]
      yq_path: .daemonSet.nvidiaDcgmExporter.image.repository
      sync: true
    - name: Soperator DCGM exporter image tag
      scope: images
      upstream_file: helm/soperator-dcgm-exporter/values.yaml
      upstream_path: [daemonSet, nvidiaDcgmExporter, image, tag]
      local_file: helm-charts/soperator-dcgm-exporter/values.yaml
      local_path: [daemonSet, nvidiaDcgmExporter, image, tag]
      yq_path: .daemonSet.nvidiaDcgmExporter.image.tag
      sync: true
  review:
    - name: core operator templates
      scope: logic
      upstream_path: helm/soperator/templates
      sha256: 78dbe08199b3d54840976b29d9142c8e28d6c98c623c0abe3b27cdc388d6d732
    - name: core operator CRDs
      scope: logic
      upstream_path: helm/soperator/crds
      sha256: 0bbe5af6da05c558452a92922afdcd001eb7872be5374b967a6f554d5d244af8
    - name: SlurmCluster templates
      scope: logic
      upstream_path: helm/slurm-cluster/templates
      sha256: 23710a3b25b0cc0cc1afbb60bac64f4d38add55bf8b0a66995773077b3c3cbfc
    - name: Slurm storage templates
      scope: logic
      upstream_path: helm/slurm-cluster-storage/templates
      sha256: fb36062ebd7885daf28f1227fd0fd299686f5c31e9b9f9b8d0cac2b58b05efef
    - name: NodeSet templates
      scope: logic
      upstream_path: helm/nodesets/templates
      sha256: 8273b3df5a8dfda84b0979cf9cf052961e7ac8b664ba293bd801caadcc5f2d19
    - name: NodeConfigurator templates
      scope: logic
      upstream_path: helm/nodeconfigurator/templates
      sha256: 0184c40c55b4cfea97c79c10d194e27a48db14e1e9c70db381c47245a745b31e
    - name: ActiveChecks templates
      scope: logic
      upstream_path: helm/soperator-activechecks/templates
      sha256: 4c4a1befddd644c6a35780ee60c86de47295c2924e25592a7e08a211052b99fc
    - name: SoperatorChecks templates
      scope: logic
      upstream_path: helm/soperatorchecks/templates
      sha256: cf0a22a1adaacb9a59b96d1ba445f8591158e880a53039d11cff751404028ad8
    - name: backup schedule templates
      scope: logic
      upstream_path: helm/soperator-backup-config/templates
      sha256: 1486cc5066507106dcd4f8cba371dc2f947f3f24867e2b7c5b021924a9fd63c5
    - name: Soperator DCGM exporter templates
      scope: logic
      upstream_path: helm/soperator-dcgm-exporter/templates
      sha256: fa32562160efe9ee2aa60243e24c23caec6b0900f6eb546fdbbe7b4aafa1711a
    - name: notifier templates
      scope: logic
      upstream_path: helm/soperator-notifier/templates
      sha256: ac3973fce7878c3e02e246d9c784e1c41b248c9cab595bb0cbff8b651739d152
    - name: custom ConfigMaps chart
      scope: logic
      upstream_path: helm/soperator-custom-configmaps
      sha256: 65affefffd28c9c789d461b8e23f395a345ee17d731018d8f45f8934bded8a36
    - name: monitoring dashboards chart
      scope: logic
      upstream_path: helm/soperator-monitoring-dashboards
      sha256: 0d5653a9ad466b4190007ada09ede1c3d075732ad4a045bb816c6d9c8750d393
    - name: storageclasses chart
      scope: logic
      upstream_path: helm/storageclasses
      sha256: a1e4439ff88240a7c4fe9dd74f6cce94ccdd8a1eafe5b69697457a3b629e69a3
local_owned_paths:
  - helm-charts/soperator/.helmignore
  - helm-charts/soperator/CHANGELOG.md
  - helm-charts/soperator/Chart.yaml
  - helm-charts/soperator/Chart.lock
  - helm-charts/soperator/README.md
  - helm-charts/soperator/charts/
  - helm-charts/soperator/local_slurm_scripts/
  - helm-charts/soperator/values.yaml
  - helm-charts/soperator/values.schema.json
  - helm-charts/soperator/scripts/
  - helm-charts/soperator/templates/
  - helm-charts/soperator/examples/
  - helm-charts/soperator/docs/
  - helm-charts/soperator-activechecks/.helmignore
  - helm-charts/soperator-activechecks/CHANGELOG.md
  - helm-charts/soperator-activechecks/Chart.yaml
  - helm-charts/soperator-activechecks/README.md
  - helm-charts/soperator-activechecks/local_scripts/
  - helm-charts/soperator-activechecks/templates/
  - helm-charts/soperator-activechecks/tests/
  - helm-charts/soperator-activechecks/values.yaml
  - helm-charts/soperator-activechecks/values.schema.json
  - helm-charts/soperator-backup-config/.helmignore
  - helm-charts/soperator-backup-config/CHANGELOG.md
  - helm-charts/soperator-backup-config/Chart.yaml
  - helm-charts/soperator-backup-config/README.md
  - helm-charts/soperator-backup-config/templates/
  - helm-charts/soperator-backup-config/values.yaml
  - helm-charts/soperator-backup-config/values.schema.json
  - helm-charts/soperator-checks/.helmignore
  - helm-charts/soperator-checks/CHANGELOG.md
  - helm-charts/soperator-checks/Chart.yaml
  - helm-charts/soperator-checks/README.md
  - helm-charts/soperator-checks/templates/
  - helm-charts/soperator-checks/values.yaml
  - helm-charts/soperator-checks/values.schema.json
  - helm-charts/soperator-dcgm-exporter/.helmignore
  - helm-charts/soperator-dcgm-exporter/CHANGELOG.md
  - helm-charts/soperator-dcgm-exporter/Chart.yaml
  - helm-charts/soperator-dcgm-exporter/README.md
  - helm-charts/soperator-dcgm-exporter/templates/
  - helm-charts/soperator-dcgm-exporter/values.yaml
  - helm-charts/soperator-dcgm-exporter/values.schema.json
  - helm-charts/soperator-notifier/.helmignore
  - helm-charts/soperator-notifier/CHANGELOG.md
  - helm-charts/soperator-notifier/Chart.yaml
  - helm-charts/soperator-notifier/README.md
  - helm-charts/soperator-notifier/templates/
  - helm-charts/soperator-notifier/values.yaml
  - helm-charts/soperator-notifier/values.schema.json
